
Microsoft Visual Studio Solution File, Format Version 12.00
# Visual Studio Version 17
VisualStudioVersion = 17.8.34330.188
MinimumVisualStudioVersion = 10.0.40219.1
Project("{9A19103F-16F7-4668-BE54-9A1E7A4F7556}") = "Infrastructures", "Infrastructures\Infrastructures.csproj", "{727B01DE-869A-4B1D-BF21-7C5792481A24}"
EndProject
Project("{9A19103F-16F7-4668-BE54-9A1E7A4F7556}") = "Application", "Application\Application.csproj", "{985905D6-C55A-4936-989F-A7221294F5AE}"
EndProject
Project("{9A19103F-16F7-4668-BE54-9A1E7A4F7556}") = "Domain", "Domain\Domain.csproj", "{A79BE9A5-9E19-4DB3-AE25-DB1E19130771}"
EndProject
Project("{9A19103F-16F7-4668-BE54-9A1E7A4F7556}") = "WebAPI", "WebAPI\WebAPI.csproj", "{6CDEE83F-9530-4EF1-9746-9DBB56378B3B}"
EndProject
Project("{2150E333-8FDC-42A3-9474-1A3956D46DE8}") = "Solution Items", "Solution Items", "{23B502E0-ED88-4AC6-BBA4-4EEA5ADE9652}"
EndProject
Global
	GlobalSection(SolutionConfigurationPlatforms) = preSolution
		Debug|Any CPU = Debug|Any CPU
		Release|Any CPU = Release|Any CPU
	EndGlobalSection
	GlobalSection(ProjectConfigurationPlatforms) = postSolution
		{727B01DE-869A-4B1D-BF21-7C5792481A24}.Debug|Any CPU.ActiveCfg = Debug|Any CPU
		{727B01DE-869A-4B1D-BF21-7C5792481A24}.Debug|Any CPU.Build.0 = Debug|Any CPU
		{727B01DE-869A-4B1D-BF21-7C5792481A24}.Release|Any CPU.ActiveCfg = Release|Any CPU
		{727B01DE-869A-4B1D-BF21-7C5792481A24}.Release|Any CPU.Build.0 = Release|Any CPU
		{985905D6-C55A-4936-989F-A7221294F5AE}.Debug|Any CPU.ActiveCfg = Debug|Any CPU
		{985905D6-C55A-4936-989F-A7221294F5AE}.Debug|Any CPU.Build.0 = Debug|Any CPU
		{985905D6-C55A-4936-989F-A7221294F5AE}.Release|Any CPU.ActiveCfg = Release|Any CPU
		{985905D6-C55A-4936-989F-A7221294F5AE}.Release|Any CPU.Build.0 = Release|Any CPU
		{A79BE9A5-9E19-4DB3-AE25-DB1E19130771}.Debug|Any CPU.ActiveCfg = Debug|Any CPU
		{A79BE9A5-9E19-4DB3-AE25-DB1E19130771}.Debug|Any CPU.Build.0 = Debug|Any CPU
		{A79BE9A5-9E19-4DB3-AE25-DB1E19130771}.Release|Any CPU.ActiveCfg = Release|Any CPU
		{A79BE9A5-9E19-4DB3-AE25-DB1E19130771}.Release|Any CPU.Build.0 = Release|Any CPU
		{6CDEE83F-9530-4EF1-9746-9DBB56378B3B}.Debug|Any CPU.ActiveCfg = Debug|Any CPU
		{6CDEE83F-9530-4EF1-9746-9DBB56378B3B}.Debug|Any CPU.Build.0 = Debug|Any CPU
		{6CDEE83F-9530-4EF1-9746-9DBB56378B3B}.Release|Any CPU.ActiveCfg = Release|Any CPU
		{6CDEE83F-9530-4EF1-9746-9DBB56378B3B}.Release|Any CPU.Build.0 = Release|Any CPU
	EndGlobalSection
	GlobalSection(SolutionProperties) = preSolution
		HideSolutionNode = FALSE
	EndGlobalSection
	GlobalSection(ExtensibilityGlobals) = postSolution
		SolutionGuid = {B190E39D-666F-4F32-873D-36956C87DE3B}
	EndGlobalSection
EndGlobal
